
Microsoft Visual Studio Solution File, Format Version 12.00
# Visual Studio Version 16
VisualStudioVersion = 16.0.30320.27
MinimumVisualStudioVersion = 10.0.40219.1
Project("{FAE04EC0-301F-11D3-BF4B-00C04F79EFBC}") = "BookListRazor", "BookListRazor\BookListRazor.csproj", "{3A11D687-FE23-411F-BE5E-4CD7DC512F43}"
EndProject
Global
	GlobalSection(SolutionConfigurationPlatforms) = preSolution
		Debug|Any CPU = Debug|Any CPU
		Release|Any CPU = Release|Any CPU
	EndGlobalSection
	GlobalSection(ProjectConfigurationPlatforms) = postSolution
		{3A11D687-FE23-411F-BE5E-4CD7DC512F43}.Debug|Any CPU.ActiveCfg = Debug|Any CPU
		{3A11D687-FE23-411F-BE5E-4CD7DC512F43}.Debug|Any CPU.Build.0 = Debug|Any CPU
		{3A11D687-FE23-411F-BE5E-4CD7DC512F43}.Release|Any CPU.ActiveCfg = Release|Any CPU
		{3A11D687-FE23-411F-BE5E-4CD7DC512F43}.Release|Any CPU.Build.0 = Release|Any CPU
	EndGlobalSection
	GlobalSection(SolutionProperties) = preSolution
		HideSolutionNode = FALSE
	EndGlobalSection
	GlobalSection(ExtensibilityGlobals) = postSolution
		SolutionGuid = {689BB9CB-5484-4D5A-92C5-21A50E53446C}
	EndGlobalSection
EndGlobal
